PODS:
  - FlutterMacOS (1.0.0)
  - PostHog (3.62.5)
  - posthog_flutter (0.0.1):
    - Flutter
    - FlutterMacOS
    - PostHog (< 4.0.0, >= 3.32.0)
  - sign_in_with_apple (0.0.1):
    - FlutterMacOS
  - ua_client_hints (1.7.0):
    - FlutterMacOS

DEPENDENCIES:
  - FlutterMacOS (from `Flutter/ephemeral`)
  - posthog_flutter (from `Flutter/ephemeral/.symlinks/plugins/posthog_flutter/macos`)
  - sign_in_with_apple (from `Flutter/ephemeral/.symlinks/plugins/sign_in_with_apple/macos`)
  - ua_client_hints (from `Flutter/ephemeral/.symlinks/plugins/ua_client_hints/macos`)

SPEC REPOS:
  trunk:
    - PostHog

EXTERNAL SOURCES:
  FlutterMacOS:
    :path: Flutter/ephemeral
  posthog_flutter:
    :path: Flutter/ephemeral/.symlinks/plugins/posthog_flutter/macos
  sign_in_with_apple:
    :path: Flutter/ephemeral/.symlinks/plugins/sign_in_with_apple/macos
  ua_client_hints:
    :path: Flutter/ephemeral/.symlinks/plugins/ua_client_hints/macos

SPEC CHECKSUMS:
  FlutterMacOS: d0db08ddef1a9af05a5ec4b724367152bb0500b1
  PostHog: 3ef88b8cec6e42fc3dbffc036e49cded2b82d5e5
  posthog_flutter: 9535ac2d4ab65ccb9ace3886dcc0b3105198bad5
  sign_in_with_apple: 6673c03c9e3643f6c8d33601943fbfa9ae99f94e
  ua_client_hints: bb84da85d9d5d605d40598b3c1ae3bfd2598e201

PODFILE CHECKSUM: 3d7cd7f90b4de5948ed6e76869b40159643b2f0c

COCOAPODS: 1.16.2
